
Microsoft Visual Studio Solution File, Format Version 12.00
# Visual Studio Version 17
VisualStudioVersion = 17.2.32526.322
MinimumVisualStudioVersion = 10.0.40219.1
Project("{FAE04EC0-301F-11D3-BF4B-00C04F79EFBC}") = "ClassroomSimulator", "ClassroomSimulator\ClassroomSimulator.csproj", "{363B5919-1CF2-4507-A3DC-2308990CE465}"
EndProject
Project("{FAE04EC0-301F-11D3-BF4B-00C04F79EFBC}") = "ClassroomSimulator.Library", "ClassroomSimulator.Library\ClassroomSimulator.Library.csproj", "{66E360B3-AFA4-4D8B-AB58-53B5BD71F098}"
EndProject
Project("{FAE04EC0-301F-11D3-BF4B-00C04F79EFBC}") = "ClassroomSimulator.Tests", "ClassroomSimulator.Tests\ClassroomSimulator.Tests.csproj", "{A73CA626-AE83-4C02-AD13-3D4D8CA3852C}"
EndProject
Global
	GlobalSection(SolutionConfigurationPlatforms) = preSolution
		Debug|Any CPU = Debug|Any CPU
		Release|Any CPU = Release|Any CPU
	EndGlobalSection
	GlobalSection(ProjectConfigurationPlatforms) = postSolution
		{363B5919-1CF2-4507-A3DC-2308990CE465}.Debug|Any CPU.ActiveCfg = Debug|Any CPU
		{363B5919-1CF2-4507-A3DC-2308990CE465}.Debug|Any CPU.Build.0 = Debug|Any CPU
		{363B5919-1CF2-4507-A3DC-2308990CE465}.Release|Any CPU.ActiveCfg = Release|Any CPU
		{363B5919-1CF2-4507-A3DC-2308990CE465}.Release|Any CPU.Build.0 = Release|Any CPU
		{66E360B3-AFA4-4D8B-AB58-53B5BD71F098}.Debug|Any CPU.ActiveCfg = Debug|Any CPU
		{66E360B3-AFA4-4D8B-AB58-53B5BD71F098}.Debug|Any CPU.Build.0 = Debug|Any CPU
		{66E360B3-AFA4-4D8B-AB58-53B5BD71F098}.Release|Any CPU.ActiveCfg = Release|Any CPU
		{66E360B3-AFA4-4D8B-AB58-53B5BD71F098}.Release|Any CPU.Build.0 = Release|Any CPU
		{A73CA626-AE83-4C02-AD13-3D4D8CA3852C}.Debug|Any CPU.ActiveCfg = Debug|Any CPU
		{A73CA626-AE83-4C02-AD13-3D4D8CA3852C}.Debug|Any CPU.Build.0 = Debug|Any CPU
		{A73CA626-AE83-4C02-AD13-3D4D8CA3852C}.Release|Any CPU.ActiveCfg = Release|Any CPU
		{A73CA626-AE83-4C02-AD13-3D4D8CA3852C}.Release|Any CPU.Build.0 = Release|Any CPU
	EndGlobalSection
	GlobalSection(SolutionProperties) = preSolution
		HideSolutionNode = FALSE
	EndGlobalSection
	GlobalSection(ExtensibilityGlobals) = postSolution
		SolutionGuid = {5CF943FE-2174-4915-BF99-9695E41668C3}
	EndGlobalSection
EndGlobal
